
Microsoft Visual Studio Solution File, Format Version 11.00
# Visual Studio 2010
Project("{FAE04EC0-301F-11D3-BF4B-00C04F79EFBC}") = "Bose.Wearable", "Bose.Wearable.csproj", "{2134BA6F-193C-5FA9-1D2B-C25FD4385D13}"
EndProject
Project("{FAE04EC0-301F-11D3-BF4B-00C04F79EFBC}") = "Bose.Wearable.Editor", "Bose.Wearable.Editor.csproj", "{3B86963F-8798-6192-FCB7-74015C6DA3DE}"
EndProject
Project("{FAE04EC0-301F-11D3-BF4B-00C04F79EFBC}") = "Bose.Wearable.Connection.Editor", "Bose.Wearable.Connection.Editor.csproj", "{16F931BF-D129-CE28-4761-A37A9388A7FB}"
EndProject
Project("{FAE04EC0-301F-11D3-BF4B-00C04F79EFBC}") = "Bose.Wearable.Examples.Editor", "Bose.Wearable.Examples.Editor.csproj", "{84D50C6E-1E72-CDC6-B9BC-FC4BBBE3ED34}"
EndProject
Project("{FAE04EC0-301F-11D3-BF4B-00C04F79EFBC}") = "Bose.Wearable.Debugging.Editor", "Bose.Wearable.Debugging.Editor.csproj", "{69DD01F4-22A3-A4CA-9F9E-186ABE84F284}"
EndProject
Project("{FAE04EC0-301F-11D3-BF4B-00C04F79EFBC}") = "Bose.Wearable.Shared.Editor", "Bose.Wearable.Shared.Editor.csproj", "{B9BD9E26-A48F-16D9-72BC-549648960E9C}"
EndProject
Global
	GlobalSection(SolutionConfigurationPlatforms) = preSolution
		Debug|Any CPU = Debug|Any CPU
		Release|Any CPU = Release|Any CPU
	EndGlobalSection
	GlobalSection(ProjectConfigurationPlatforms) = postSolution
		{2134BA6F-193C-5FA9-1D2B-C25FD4385D13}.Debug|Any CPU.ActiveCfg = Debug|Any CPU
		{2134BA6F-193C-5FA9-1D2B-C25FD4385D13}.Debug|Any CPU.Build.0 = Debug|Any CPU
		{2134BA6F-193C-5FA9-1D2B-C25FD4385D13}.Release|Any CPU.ActiveCfg = Release|Any CPU
		{2134BA6F-193C-5FA9-1D2B-C25FD4385D13}.Release|Any CPU.Build.0 = Release|Any CPU
		{3B86963F-8798-6192-FCB7-74015C6DA3DE}.Debug|Any CPU.ActiveCfg = Debug|Any CPU
		{3B86963F-8798-6192-FCB7-74015C6DA3DE}.Debug|Any CPU.Build.0 = Debug|Any CPU
		{3B86963F-8798-6192-FCB7-74015C6DA3DE}.Release|Any CPU.ActiveCfg = Release|Any CPU
		{3B86963F-8798-6192-FCB7-74015C6DA3DE}.Release|Any CPU.Build.0 = Release|Any CPU
		{16F931BF-D129-CE28-4761-A37A9388A7FB}.Debug|Any CPU.ActiveCfg = Debug|Any CPU
		{16F931BF-D129-CE28-4761-A37A9388A7FB}.Debug|Any CPU.Build.0 = Debug|Any CPU
		{16F931BF-D129-CE28-4761-A37A9388A7FB}.Release|Any CPU.ActiveCfg = Release|Any CPU
		{16F931BF-D129-CE28-4761-A37A9388A7FB}.Release|Any CPU.Build.0 = Release|Any CPU
		{84D50C6E-1E72-CDC6-B9BC-FC4BBBE3ED34}.Debug|Any CPU.ActiveCfg = Debug|Any CPU
		{84D50C6E-1E72-CDC6-B9BC-FC4BBBE3ED34}.Debug|Any CPU.Build.0 = Debug|Any CPU
		{84D50C6E-1E72-CDC6-B9BC-FC4BBBE3ED34}.Release|Any CPU.ActiveCfg = Release|Any CPU
		{84D50C6E-1E72-CDC6-B9BC-FC4BBBE3ED34}.Release|Any CPU.Build.0 = Release|Any CPU
		{69DD01F4-22A3-A4CA-9F9E-186ABE84F284}.Debug|Any CPU.ActiveCfg = Debug|Any CPU
		{69DD01F4-22A3-A4CA-9F9E-186ABE84F284}.Debug|Any CPU.Build.0 = Debug|Any CPU
		{69DD01F4-22A3-A4CA-9F9E-186ABE84F284}.Release|Any CPU.ActiveCfg = Release|Any CPU
		{69DD01F4-22A3-A4CA-9F9E-186ABE84F284}.Release|Any CPU.Build.0 = Release|Any CPU
		{B9BD9E26-A48F-16D9-72BC-549648960E9C}.Debug|Any CPU.ActiveCfg = Debug|Any CPU
		{B9BD9E26-A48F-16D9-72BC-549648960E9C}.Debug|Any CPU.Build.0 = Debug|Any CPU
		{B9BD9E26-A48F-16D9-72BC-549648960E9C}.Release|Any CPU.ActiveCfg = Release|Any CPU
		{B9BD9E26-A48F-16D9-72BC-549648960E9C}.Release|Any CPU.Build.0 = Release|Any CPU
	EndGlobalSection
	GlobalSection(SolutionProperties) = preSolution
		HideSolutionNode = FALSE
	EndGlobalSection
	GlobalSection(MonoDevelopProperties) = preSolution
		StartupItem = Assembly-CSharp.csproj
	EndGlobalSection
EndGlobal
